
Microsoft Visual Studio Solution File, Format Version 12.00
# Visual Studio Version 17
VisualStudioVersion = 17.13.35931.197
MinimumVisualStudioVersion = 10.0.40219.1
Project("{FAE04EC0-301F-11D3-BF4B-00C04F79EFBC}") = "WoundClinic_WPF", "WoundClinic_WPF.csproj", "{BE26EED5-DBC9-4AD5-A30B-850A82FB2EC9}"
EndProject
Global
	GlobalSection(SolutionConfigurationPlatforms) = preSolution
		Debug|Any CPU = Debug|Any CPU
		Release|Any CPU = Release|Any CPU
	EndGlobalSection
	GlobalSection(ProjectConfigurationPlatforms) = postSolution
		{BE26EED5-DBC9-4AD5-A30B-850A82FB2EC9}.Debug|Any CPU.ActiveCfg = Debug|Any CPU
		{BE26EED5-DBC9-4AD5-A30B-850A82FB2EC9}.Debug|Any CPU.Build.0 = Debug|Any CPU
		{BE26EED5-DBC9-4AD5-A30B-850A82FB2EC9}.Release|Any CPU.ActiveCfg = Release|Any CPU
		{BE26EED5-DBC9-4AD5-A30B-850A82FB2EC9}.Release|Any CPU.Build.0 = Release|Any CPU
	EndGlobalSection
	GlobalSection(SolutionProperties) = preSolution
		HideSolutionNode = FALSE
	EndGlobalSection
	GlobalSection(ExtensibilityGlobals) = postSolution
		SolutionGuid = {089D279C-AF86-4E07-8983-C77305F7D7BF}
	EndGlobalSection
EndGlobal
